
Microsoft Visual Studio Solution File, Format Version 12.00
# Visual Studio 15
VisualStudioVersion = 15.0.27703.2042
MinimumVisualStudioVersion = 10.0.40219.1
Project("{FAE04EC0-301F-11D3-BF4B-00C04F79EFBC}") = "aula-5-array-e-collections", "aula-5-array-e-collections\aula-5-array-e-collections.csproj", "{FA22C9A8-45BF-4DD9-914E-66D6240748EB}"
EndProject
Global
	GlobalSection(SolutionConfigurationPlatforms) = preSolution
		Debug|Any CPU = Debug|Any CPU
		Release|Any CPU = Release|Any CPU
	EndGlobalSection
	GlobalSection(ProjectConfigurationPlatforms) = postSolution
		{FA22C9A8-45BF-4DD9-914E-66D6240748EB}.Debug|Any CPU.ActiveCfg = Debug|Any CPU
		{FA22C9A8-45BF-4DD9-914E-66D6240748EB}.Debug|Any CPU.Build.0 = Debug|Any CPU
		{FA22C9A8-45BF-4DD9-914E-66D6240748EB}.Release|Any CPU.ActiveCfg = Release|Any CPU
		{FA22C9A8-45BF-4DD9-914E-66D6240748EB}.Release|Any CPU.Build.0 = Release|Any CPU
	EndGlobalSection
	GlobalSection(SolutionProperties) = preSolution
		HideSolutionNode = FALSE
	EndGlobalSection
	GlobalSection(ExtensibilityGlobals) = postSolution
		SolutionGuid = {2A8936C5-9DC3-438F-A587-20D2BD9C8FEC}
	EndGlobalSection
EndGlobal
